
Microsoft Visual Studio Solution File, Format Version 12.00
# Visual Studio Version 17
VisualStudioVersion = 17.4.33213.308
MinimumVisualStudioVersion = 10.0.40219.1
Project("{FAE04EC0-301F-11D3-BF4B-00C04F79EFBC}") = "OCCPort.Tester", "OCCPort.Tester\OCCPort.Tester.csproj", "{79D87737-0F8F-49B6-BD76-169D94CD0F49}"
EndProject
Project("{FAE04EC0-301F-11D3-BF4B-00C04F79EFBC}") = "OCCPort", "OCCPort\OCCPort.csproj", "{26BF7EDF-D7E8-4E6C-B77A-EFB585CAB6A1}"
EndProject
Project("{FAE04EC0-301F-11D3-BF4B-00C04F79EFBC}") = "Triangle", "Triangle\Triangle.csproj", "{5033FBD7-387C-3AC7-72E0-14D4FF7C499D}"
EndProject
Project("{8BC9CEB8-8B4A-11D0-8D11-00A0C91BC942}") = "delabella", "delabella\delabella.vcxproj", "{7F00A75C-5CE1-4978-BBFB-3F98D3C064E5}"
EndProject
Project("{FAE04EC0-301F-11D3-BF4B-00C04F79EFBC}") = "TKernel", "TKernel\TKernel.csproj", "{26DCCD59-9683-4F8F-B90E-9FD914AC729C}"
EndProject
Project("{FAE04EC0-301F-11D3-BF4B-00C04F79EFBC}") = "TKBRep", "TKBRep\TKBRep.csproj", "{971288CD-B0D9-43CF-98E1-F7005B5293E9}"
EndProject
Project("{FAE04EC0-301F-11D3-BF4B-00C04F79EFBC}") = "TKG3d", "TKG3d\TKG3d.csproj", "{A1A9BD22-8903-4FBA-8486-E761CA4E29B9}"
EndProject
Project("{FAE04EC0-301F-11D3-BF4B-00C04F79EFBC}") = "TKMath", "TKMath\TKMath.csproj", "{C1C693A1-99E7-495A-A60D-449A861BEED1}"
EndProject
Project("{FAE04EC0-301F-11D3-BF4B-00C04F79EFBC}") = "TKService", "TKService\TKService.csproj", "{ABCFB24B-4856-48DD-9ABE-A0C0836452FF}"
EndProject
Project("{FAE04EC0-301F-11D3-BF4B-00C04F79EFBC}") = "OCCPort.Common", "OCCPort.Common\OCCPort.Common.csproj", "{F1A912C3-B29D-4387-A2F0-A9E72BF5CC5F}"
EndProject
Project("{FAE04EC0-301F-11D3-BF4B-00C04F79EFBC}") = "TKV3d", "TKV3d\TKV3d.csproj", "{1D0B6A8D-CD3F-4060-B04E-80F4136B56DC}"
EndProject
Project("{FAE04EC0-301F-11D3-BF4B-00C04F79EFBC}") = "TKMesh", "TKMesh\TKMesh.csproj", "{2B40D14F-F27C-4A6D-A3C5-A8655A1F7F6F}"
EndProject
Project("{FAE04EC0-301F-11D3-BF4B-00C04F79EFBC}") = "TKG2d", "TKG2d\TKG2d.csproj", "{BDAF6CAE-C40F-40CA-8BF0-9B2F91B78B55}"
EndProject
Project("{FAE04EC0-301F-11D3-BF4B-00C04F79EFBC}") = "TKGeomBase", "TKGeomBase\TKGeomBase.csproj", "{7993D736-688D-44C3-9801-B014AA304534}"
EndProject
Project("{FAE04EC0-301F-11D3-BF4B-00C04F79EFBC}") = "TKTopAlgo", "TKTopAlgo\TKTopAlgo.csproj", "{B9607BBF-9B8A-465C-A4D2-CE0F1423DD70}"
EndProject
Project("{FAE04EC0-301F-11D3-BF4B-00C04F79EFBC}") = "TKPrim", "TKPrim\TKPrim.csproj", "{6C25F0CF-877C-4657-AF1E-A685DD0DBB6C}"
EndProject
Project("{FAE04EC0-301F-11D3-BF4B-00C04F79EFBC}") = "TKShHealing", "TKShHealing\TKShHealing.csproj", "{27F4360A-E0FA-4B2D-9D8A-E2F783723618}"
EndProject
Project("{FAE04EC0-301F-11D3-BF4B-00C04F79EFBC}") = "TKGeomAlgo", "TKGeomAlgo\TKGeomAlgo.csproj", "{2DE2CB3E-57CD-4FC5-AFFF-79B0CA585E63}"
EndProject
Project("{FAE04EC0-301F-11D3-BF4B-00C04F79EFBC}") = "TKSTEP", "TKSTEP\TKSTEP.csproj", "{9EF788BA-31BF-42CB-B945-70D88A6EEF64}"
EndProject
Project("{FAE04EC0-301F-11D3-BF4B-00C04F79EFBC}") = "TKXSBASE", "TKXSBASE\TKXSBASE.csproj", "{FDBA6F70-4E31-4669-BF90-EAFD714FBD27}"
EndProject
Project("{FAE04EC0-301F-11D3-BF4B-00C04F79EFBC}") = "TKOpenGl", "TKOpenGl\TKOpenGl.csproj", "{51263FC5-5F2B-4950-826C-B4DFBE586D60}"
EndProject
Project("{FAE04EC0-301F-11D3-BF4B-00C04F79EFBC}") = "TKBO", "TKBO\TKBO.csproj", "{876CD52A-B94C-4376-8539-45F597DDF45D}"
EndProject
Project("{FAE04EC0-301F-11D3-BF4B-00C04F79EFBC}") = "TKSTEPBase", "TKSTEPBase\TKSTEPBase.csproj", "{731F67D8-9A78-444D-9068-AF659CFCCEBD}"
EndProject
Global
	GlobalSection(SolutionConfigurationPlatforms) = preSolution
		Debug|Any CPU = Debug|Any CPU
		Debug|x64 = Debug|x64
		Debug|x86 = Debug|x86
		Release|Any CPU = Release|Any CPU
		Release|x64 = Release|x64
		Release|x86 = Release|x86
	EndGlobalSection
	GlobalSection(ProjectConfigurationPlatforms) = postSolution
		{79D87737-0F8F-49B6-BD76-169D94CD0F49}.Debug|Any CPU.ActiveCfg = Debug|Any CPU
		{79D87737-0F8F-49B6-BD76-169D94CD0F49}.Debug|Any CPU.Build.0 = Debug|Any CPU
		{79D87737-0F8F-49B6-BD76-169D94CD0F49}.Debug|x64.ActiveCfg = Debug|Any CPU
		{79D87737-0F8F-49B6-BD76-169D94CD0F49}.Debug|x64.Build.0 = Debug|Any CPU
		{79D87737-0F8F-49B6-BD76-169D94CD0F49}.Debug|x86.ActiveCfg = Debug|Any CPU
		{79D87737-0F8F-49B6-BD76-169D94CD0F49}.Debug|x86.Build.0 = Debug|Any CPU
		{79D87737-0F8F-49B6-BD76-169D94CD0F49}.Release|Any CPU.ActiveCfg = Release|Any CPU
		{79D87737-0F8F-49B6-BD76-169D94CD0F49}.Release|Any CPU.Build.0 = Release|Any CPU
		{79D87737-0F8F-49B6-BD76-169D94CD0F49}.Release|x64.ActiveCfg = Release|Any CPU
		{79D87737-0F8F-49B6-BD76-169D94CD0F49}.Release|x64.Build.0 = Release|Any CPU
		{79D87737-0F8F-49B6-BD76-169D94CD0F49}.Release|x86.ActiveCfg = Release|Any CPU
		{79D87737-0F8F-49B6-BD76-169D94CD0F49}.Release|x86.Build.0 = Release|Any CPU
		{26BF7EDF-D7E8-4E6C-B77A-EFB585CAB6A1}.Debug|Any CPU.ActiveCfg = Debug|Any CPU
		{26BF7EDF-D7E8-4E6C-B77A-EFB585CAB6A1}.Debug|Any CPU.Build.0 = Debug|Any CPU
		{26BF7EDF-D7E8-4E6C-B77A-EFB585CAB6A1}.Debug|x64.ActiveCfg = Debug|Any CPU
		{26BF7EDF-D7E8-4E6C-B77A-EFB585CAB6A1}.Debug|x64.Build.0 = Debug|Any CPU
		{26BF7EDF-D7E8-4E6C-B77A-EFB585CAB6A1}.Debug|x86.ActiveCfg = Debug|Any CPU
		{26BF7EDF-D7E8-4E6C-B77A-EFB585CAB6A1}.Debug|x86.Build.0 = Debug|Any CPU
		{26BF7EDF-D7E8-4E6C-B77A-EFB585CAB6A1}.Release|Any CPU.ActiveCfg = Release|Any CPU
		{26BF7EDF-D7E8-4E6C-B77A-EFB585CAB6A1}.Release|Any CPU.Build.0 = Release|Any CPU
		{26BF7EDF-D7E8-4E6C-B77A-EFB585CAB6A1}.Release|x64.ActiveCfg = Release|Any CPU
		{26BF7EDF-D7E8-4E6C-B77A-EFB585CAB6A1}.Release|x64.Build.0 = Release|Any CPU
		{26BF7EDF-D7E8-4E6C-B77A-EFB585CAB6A1}.Release|x86.ActiveCfg = Release|Any CPU
		{26BF7EDF-D7E8-4E6C-B77A-EFB585CAB6A1}.Release|x86.Build.0 = Release|Any CPU
		{5033FBD7-387C-3AC7-72E0-14D4FF7C499D}.Debug|Any CPU.ActiveCfg = Debug|Any CPU
		{5033FBD7-387C-3AC7-72E0-14D4FF7C499D}.Debug|Any CPU.Build.0 = Debug|Any CPU
		{5033FBD7-387C-3AC7-72E0-14D4FF7C499D}.Debug|x64.ActiveCfg = Debug|Any CPU
		{5033FBD7-387C-3AC7-72E0-14D4FF7C499D}.Debug|x64.Build.0 = Debug|Any CPU
		{5033FBD7-387C-3AC7-72E0-14D4FF7C499D}.Debug|x86.ActiveCfg = Debug|Any CPU
		{5033FBD7-387C-3AC7-72E0-14D4FF7C499D}.Debug|x86.Build.0 = Debug|Any CPU
		{5033FBD7-387C-3AC7-72E0-14D4FF7C499D}.Release|Any CPU.ActiveCfg = Release|Any CPU
		{5033FBD7-387C-3AC7-72E0-14D4FF7C499D}.Release|Any CPU.Build.0 = Release|Any CPU
		{5033FBD7-387C-3AC7-72E0-14D4FF7C499D}.Release|x64.ActiveCfg = Release|Any CPU
		{5033FBD7-387C-3AC7-72E0-14D4FF7C499D}.Release|x64.Build.0 = Release|Any CPU
		{5033FBD7-387C-3AC7-72E0-14D4FF7C499D}.Release|x86.ActiveCfg = Release|Any CPU
		{5033FBD7-387C-3AC7-72E0-14D4FF7C499D}.Release|x86.Build.0 = Release|Any CPU
		{7F00A75C-5CE1-4978-BBFB-3F98D3C064E5}.Debug|Any CPU.ActiveCfg = Debug|x64
		{7F00A75C-5CE1-4978-BBFB-3F98D3C064E5}.Debug|Any CPU.Build.0 = Debug|x64
		{7F00A75C-5CE1-4978-BBFB-3F98D3C064E5}.Debug|x64.ActiveCfg = Debug|x64
		{7F00A75C-5CE1-4978-BBFB-3F98D3C064E5}.Debug|x64.Build.0 = Debug|x64
		{7F00A75C-5CE1-4978-BBFB-3F98D3C064E5}.Debug|x86.ActiveCfg = Debug|Win32
		{7F00A75C-5CE1-4978-BBFB-3F98D3C064E5}.Debug|x86.Build.0 = Debug|Win32
		{7F00A75C-5CE1-4978-BBFB-3F98D3C064E5}.Release|Any CPU.ActiveCfg = Release|x64
		{7F00A75C-5CE1-4978-BBFB-3F98D3C064E5}.Release|Any CPU.Build.0 = Release|x64
		{7F00A75C-5CE1-4978-BBFB-3F98D3C064E5}.Release|x64.ActiveCfg = Release|x64
		{7F00A75C-5CE1-4978-BBFB-3F98D3C064E5}.Release|x64.Build.0 = Release|x64
		{7F00A75C-5CE1-4978-BBFB-3F98D3C064E5}.Release|x86.ActiveCfg = Release|Win32
		{7F00A75C-5CE1-4978-BBFB-3F98D3C064E5}.Release|x86.Build.0 = Release|Win32
		{26DCCD59-9683-4F8F-B90E-9FD914AC729C}.Debug|Any CPU.ActiveCfg = Debug|Any CPU
		{26DCCD59-9683-4F8F-B90E-9FD914AC729C}.Debug|Any CPU.Build.0 = Debug|Any CPU
		{26DCCD59-9683-4F8F-B90E-9FD914AC729C}.Debug|x64.ActiveCfg = Debug|Any CPU
		{26DCCD59-9683-4F8F-B90E-9FD914AC729C}.Debug|x64.Build.0 = Debug|Any CPU
		{26DCCD59-9683-4F8F-B90E-9FD914AC729C}.Debug|x86.ActiveCfg = Debug|Any CPU
		{26DCCD59-9683-4F8F-B90E-9FD914AC729C}.Debug|x86.Build.0 = Debug|Any CPU
		{26DCCD59-9683-4F8F-B90E-9FD914AC729C}.Release|Any CPU.ActiveCfg = Release|Any CPU
		{26DCCD59-9683-4F8F-B90E-9FD914AC729C}.Release|Any CPU.Build.0 = Release|Any CPU
		{26DCCD59-9683-4F8F-B90E-9FD914AC729C}.Release|x64.ActiveCfg = Release|Any CPU
		{26DCCD59-9683-4F8F-B90E-9FD914AC729C}.Release|x64.Build.0 = Release|Any CPU
		{26DCCD59-9683-4F8F-B90E-9FD914AC729C}.Release|x86.ActiveCfg = Release|Any CPU
		{26DCCD59-9683-4F8F-B90E-9FD914AC729C}.Release|x86.Build.0 = Release|Any CPU
		{971288CD-B0D9-43CF-98E1-F7005B5293E9}.Debug|Any CPU.ActiveCfg = Debug|Any CPU
		{971288CD-B0D9-43CF-98E1-F7005B5293E9}.Debug|Any CPU.Build.0 = Debug|Any CPU
		{971288CD-B0D9-43CF-98E1-F7005B5293E9}.Debug|x64.ActiveCfg = Debug|Any CPU
		{971288CD-B0D9-43CF-98E1-F7005B5293E9}.Debug|x64.Build.0 = Debug|Any CPU
		{971288CD-B0D9-43CF-98E1-F7005B5293E9}.Debug|x86.ActiveCfg = Debug|Any CPU
		{971288CD-B0D9-43CF-98E1-F7005B5293E9}.Debug|x86.Build.0 = Debug|Any CPU
		{971288CD-B0D9-43CF-98E1-F7005B5293E9}.Release|Any CPU.ActiveCfg = Release|Any CPU
		{971288CD-B0D9-43CF-98E1-F7005B5293E9}.Release|Any CPU.Build.0 = Release|Any CPU
		{971288CD-B0D9-43CF-98E1-F7005B5293E9}.Release|x64.ActiveCfg = Release|Any CPU
		{971288CD-B0D9-43CF-98E1-F7005B5293E9}.Release|x64.Build.0 = Release|Any CPU
		{971288CD-B0D9-43CF-98E1-F7005B5293E9}.Release|x86.ActiveCfg = Release|Any CPU
		{971288CD-B0D9-43CF-98E1-F7005B5293E9}.Release|x86.Build.0 = Release|Any CPU
		{A1A9BD22-8903-4FBA-8486-E761CA4E29B9}.Debug|Any CPU.ActiveCfg = Debug|Any CPU
		{A1A9BD22-8903-4FBA-8486-E761CA4E29B9}.Debug|Any CPU.Build.0 = Debug|Any CPU
		{A1A9BD22-8903-4FBA-8486-E761CA4E29B9}.Debug|x64.ActiveCfg = Debug|Any CPU
		{A1A9BD22-8903-4FBA-8486-E761CA4E29B9}.Debug|x64.Build.0 = Debug|Any CPU
		{A1A9BD22-8903-4FBA-8486-E761CA4E29B9}.Debug|x86.ActiveCfg = Debug|Any CPU
		{A1A9BD22-8903-4FBA-8486-E761CA4E29B9}.Debug|x86.Build.0 = Debug|Any CPU
		{A1A9BD22-8903-4FBA-8486-E761CA4E29B9}.Release|Any CPU.ActiveCfg = Release|Any CPU
		{A1A9BD22-8903-4FBA-8486-E761CA4E29B9}.Release|Any CPU.Build.0 = Release|Any CPU
		{A1A9BD22-8903-4FBA-8486-E761CA4E29B9}.Release|x64.ActiveCfg = Release|Any CPU
		{A1A9BD22-8903-4FBA-8486-E761CA4E29B9}.Release|x64.Build.0 = Release|Any CPU
		{A1A9BD22-8903-4FBA-8486-E761CA4E29B9}.Release|x86.ActiveCfg = Release|Any CPU
		{A1A9BD22-8903-4FBA-8486-E761CA4E29B9}.Release|x86.Build.0 = Release|Any CPU
		{C1C693A1-99E7-495A-A60D-449A861BEED1}.Debug|Any CPU.ActiveCfg = Debug|Any CPU
		{C1C693A1-99E7-495A-A60D-449A861BEED1}.Debug|Any CPU.Build.0 = Debug|Any CPU
		{C1C693A1-99E7-495A-A60D-449A861BEED1}.Debug|x64.ActiveCfg = Debug|Any CPU
		{C1C693A1-99E7-495A-A60D-449A861BEED1}.Debug|x64.Build.0 = Debug|Any CPU
		{C1C693A1-99E7-495A-A60D-449A861BEED1}.Debug|x86.ActiveCfg = Debug|Any CPU
		{C1C693A1-99E7-495A-A60D-449A861BEED1}.Debug|x86.Build.0 = Debug|Any CPU
		{C1C693A1-99E7-495A-A60D-449A861BEED1}.Release|Any CPU.ActiveCfg = Release|Any CPU
		{C1C693A1-99E7-495A-A60D-449A861BEED1}.Release|Any CPU.Build.0 = Release|Any CPU
		{C1C693A1-99E7-495A-A60D-449A861BEED1}.Release|x64.ActiveCfg = Release|Any CPU
		{C1C693A1-99E7-495A-A60D-449A861BEED1}.Release|x64.Build.0 = Release|Any CPU
		{C1C693A1-99E7-495A-A60D-449A861BEED1}.Release|x86.ActiveCfg = Release|Any CPU
		{C1C693A1-99E7-495A-A60D-449A861BEED1}.Release|x86.Build.0 = Release|Any CPU
		{ABCFB24B-4856-48DD-9ABE-A0C0836452FF}.Debug|Any CPU.ActiveCfg = Debug|Any CPU
		{ABCFB24B-4856-48DD-9ABE-A0C0836452FF}.Debug|Any CPU.Build.0 = Debug|Any CPU
		{ABCFB24B-4856-48DD-9ABE-A0C0836452FF}.Debug|x64.ActiveCfg = Debug|Any CPU
		{ABCFB24B-4856-48DD-9ABE-A0C0836452FF}.Debug|x64.Build.0 = Debug|Any CPU
		{ABCFB24B-4856-48DD-9ABE-A0C0836452FF}.Debug|x86.ActiveCfg = Debug|Any CPU
		{ABCFB24B-4856-48DD-9ABE-A0C0836452FF}.Debug|x86.Build.0 = Debug|Any CPU
		{ABCFB24B-4856-48DD-9ABE-A0C0836452FF}.Release|Any CPU.ActiveCfg = Release|Any CPU
		{ABCFB24B-4856-48DD-9ABE-A0C0836452FF}.Release|Any CPU.Build.0 = Release|Any CPU
		{ABCFB24B-4856-48DD-9ABE-A0C0836452FF}.Release|x64.ActiveCfg = Release|Any CPU
		{ABCFB24B-4856-48DD-9ABE-A0C0836452FF}.Release|x64.Build.0 = Release|Any CPU
		{ABCFB24B-4856-48DD-9ABE-A0C0836452FF}.Release|x86.ActiveCfg = Release|Any CPU
		{ABCFB24B-4856-48DD-9ABE-A0C0836452FF}.Release|x86.Build.0 = Release|Any CPU
		{F1A912C3-B29D-4387-A2F0-A9E72BF5CC5F}.Debug|Any CPU.ActiveCfg = Debug|Any CPU
		{F1A912C3-B29D-4387-A2F0-A9E72BF5CC5F}.Debug|Any CPU.Build.0 = Debug|Any CPU
		{F1A912C3-B29D-4387-A2F0-A9E72BF5CC5F}.Debug|x64.ActiveCfg = Debug|Any CPU
		{F1A912C3-B29D-4387-A2F0-A9E72BF5CC5F}.Debug|x64.Build.0 = Debug|Any CPU
		{F1A912C3-B29D-4387-A2F0-A9E72BF5CC5F}.Debug|x86.ActiveCfg = Debug|Any CPU
		{F1A912C3-B29D-4387-A2F0-A9E72BF5CC5F}.Debug|x86.Build.0 = Debug|Any CPU
		{F1A912C3-B29D-4387-A2F0-A9E72BF5CC5F}.Release|Any CPU.ActiveCfg = Release|Any CPU
		{F1A912C3-B29D-4387-A2F0-A9E72BF5CC5F}.Release|Any CPU.Build.0 = Release|Any CPU
		{F1A912C3-B29D-4387-A2F0-A9E72BF5CC5F}.Release|x64.ActiveCfg = Release|Any CPU
		{F1A912C3-B29D-4387-A2F0-A9E72BF5CC5F}.Release|x64.Build.0 = Release|Any CPU
		{F1A912C3-B29D-4387-A2F0-A9E72BF5CC5F}.Release|x86.ActiveCfg = Release|Any CPU
		{F1A912C3-B29D-4387-A2F0-A9E72BF5CC5F}.Release|x86.Build.0 = Release|Any CPU
		{1D0B6A8D-CD3F-4060-B04E-80F4136B56DC}.Debug|Any CPU.ActiveCfg = Debug|Any CPU
		{1D0B6A8D-CD3F-4060-B04E-80F4136B56DC}.Debug|Any CPU.Build.0 = Debug|Any CPU
		{1D0B6A8D-CD3F-4060-B04E-80F4136B56DC}.Debug|x64.ActiveCfg = Debug|Any CPU
		{1D0B6A8D-CD3F-4060-B04E-80F4136B56DC}.Debug|x64.Build.0 = Debug|Any CPU
		{1D0B6A8D-CD3F-4060-B04E-80F4136B56DC}.Debug|x86.ActiveCfg = Debug|Any CPU
		{1D0B6A8D-CD3F-4060-B04E-80F4136B56DC}.Debug|x86.Build.0 = Debug|Any CPU
		{1D0B6A8D-CD3F-4060-B04E-80F4136B56DC}.Release|Any CPU.ActiveCfg = Release|Any CPU
		{1D0B6A8D-CD3F-4060-B04E-80F4136B56DC}.Release|Any CPU.Build.0 = Release|Any CPU
		{1D0B6A8D-CD3F-4060-B04E-80F4136B56DC}.Release|x64.ActiveCfg = Release|Any CPU
		{1D0B6A8D-CD3F-4060-B04E-80F4136B56DC}.Release|x64.Build.0 = Release|Any CPU
		{1D0B6A8D-CD3F-4060-B04E-80F4136B56DC}.Release|x86.ActiveCfg = Release|Any CPU
		{1D0B6A8D-CD3F-4060-B04E-80F4136B56DC}.Release|x86.Build.0 = Release|Any CPU
		{2B40D14F-F27C-4A6D-A3C5-A8655A1F7F6F}.Debug|Any CPU.ActiveCfg = Debug|Any CPU
		{2B40D14F-F27C-4A6D-A3C5-A8655A1F7F6F}.Debug|Any CPU.Build.0 = Debug|Any CPU
		{2B40D14F-F27C-4A6D-A3C5-A8655A1F7F6F}.Debug|x64.ActiveCfg = Debug|Any CPU
		{2B40D14F-F27C-4A6D-A3C5-A8655A1F7F6F}.Debug|x64.Build.0 = Debug|Any CPU
		{2B40D14F-F27C-4A6D-A3C5-A8655A1F7F6F}.Debug|x86.ActiveCfg = Debug|Any CPU
		{2B40D14F-F27C-4A6D-A3C5-A8655A1F7F6F}.Debug|x86.Build.0 = Debug|Any CPU
		{2B40D14F-F27C-4A6D-A3C5-A8655A1F7F6F}.Release|Any CPU.ActiveCfg = Release|Any CPU
		{2B40D14F-F27C-4A6D-A3C5-A8655A1F7F6F}.Release|Any CPU.Build.0 = Release|Any CPU
		{2B40D14F-F27C-4A6D-A3C5-A8655A1F7F6F}.Release|x64.ActiveCfg = Release|Any CPU
		{2B40D14F-F27C-4A6D-A3C5-A8655A1F7F6F}.Release|x64.Build.0 = Release|Any CPU
		{2B40D14F-F27C-4A6D-A3C5-A8655A1F7F6F}.Release|x86.ActiveCfg = Release|Any CPU
		{2B40D14F-F27C-4A6D-A3C5-A8655A1F7F6F}.Release|x86.Build.0 = Release|Any CPU
		{BDAF6CAE-C40F-40CA-8BF0-9B2F91B78B55}.Debug|Any CPU.ActiveCfg = Debug|Any CPU
		{BDAF6CAE-C40F-40CA-8BF0-9B2F91B78B55}.Debug|Any CPU.Build.0 = Debug|Any CPU
		{BDAF6CAE-C40F-40CA-8BF0-9B2F91B78B55}.Debug|x64.ActiveCfg = Debug|Any CPU
		{BDAF6CAE-C40F-40CA-8BF0-9B2F91B78B55}.Debug|x64.Build.0 = Debug|Any CPU
		{BDAF6CAE-C40F-40CA-8BF0-9B2F91B78B55}.Debug|x86.ActiveCfg = Debug|Any CPU
		{BDAF6CAE-C40F-40CA-8BF0-9B2F91B78B55}.Debug|x86.Build.0 = Debug|Any CPU
		{BDAF6CAE-C40F-40CA-8BF0-9B2F91B78B55}.Release|Any CPU.ActiveCfg = Release|Any CPU
		{BDAF6CAE-C40F-40CA-8BF0-9B2F91B78B55}.Release|Any CPU.Build.0 = Release|Any CPU
		{BDAF6CAE-C40F-40CA-8BF0-9B2F91B78B55}.Release|x64.ActiveCfg = Release|Any CPU
		{BDAF6CAE-C40F-40CA-8BF0-9B2F91B78B55}.Release|x64.Build.0 = Release|Any CPU
		{BDAF6CAE-C40F-40CA-8BF0-9B2F91B78B55}.Release|x86.ActiveCfg = Release|Any CPU
		{BDAF6CAE-C40F-40CA-8BF0-9B2F91B78B55}.Release|x86.Build.0 = Release|Any CPU
		{7993D736-688D-44C3-9801-B014AA304534}.Debug|Any CPU.ActiveCfg = Debug|Any CPU
		{7993D736-688D-44C3-9801-B014AA304534}.Debug|Any CPU.Build.0 = Debug|Any CPU
		{7993D736-688D-44C3-9801-B014AA304534}.Debug|x64.ActiveCfg = Debug|Any CPU
		{7993D736-688D-44C3-9801-B014AA304534}.Debug|x64.Build.0 = Debug|Any CPU
		{7993D736-688D-44C3-9801-B014AA304534}.Debug|x86.ActiveCfg = Debug|Any CPU
		{7993D736-688D-44C3-9801-B014AA304534}.Debug|x86.Build.0 = Debug|Any CPU
		{7993D736-688D-44C3-9801-B014AA304534}.Release|Any CPU.ActiveCfg = Release|Any CPU
		{7993D736-688D-44C3-9801-B014AA304534}.Release|Any CPU.Build.0 = Release|Any CPU
		{7993D736-688D-44C3-9801-B014AA304534}.Release|x64.ActiveCfg = Release|Any CPU
		{7993D736-688D-44C3-9801-B014AA304534}.Release|x64.Build.0 = Release|Any CPU
		{7993D736-688D-44C3-9801-B014AA304534}.Release|x86.ActiveCfg = Release|Any CPU
		{7993D736-688D-44C3-9801-B014AA304534}.Release|x86.Build.0 = Release|Any CPU
		{B9607BBF-9B8A-465C-A4D2-CE0F1423DD70}.Debug|Any CPU.ActiveCfg = Debug|Any CPU
		{B9607BBF-9B8A-465C-A4D2-CE0F1423DD70}.Debug|Any CPU.Build.0 = Debug|Any CPU
		{B9607BBF-9B8A-465C-A4D2-CE0F1423DD70}.Debug|x64.ActiveCfg = Debug|Any CPU
		{B9607BBF-9B8A-465C-A4D2-CE0F1423DD70}.Debug|x64.Build.0 = Debug|Any CPU
		{B9607BBF-9B8A-465C-A4D2-CE0F1423DD70}.Debug|x86.ActiveCfg = Debug|Any CPU
		{B9607BBF-9B8A-465C-A4D2-CE0F1423DD70}.Debug|x86.Build.0 = Debug|Any CPU
		{B9607BBF-9B8A-465C-A4D2-CE0F1423DD70}.Release|Any CPU.ActiveCfg = Release|Any CPU
		{B9607BBF-9B8A-465C-A4D2-CE0F1423DD70}.Release|Any CPU.Build.0 = Release|Any CPU
		{B9607BBF-9B8A-465C-A4D2-CE0F1423DD70}.Release|x64.ActiveCfg = Release|Any CPU
		{B9607BBF-9B8A-465C-A4D2-CE0F1423DD70}.Release|x64.Build.0 = Release|Any CPU
		{B9607BBF-9B8A-465C-A4D2-CE0F1423DD70}.Release|x86.ActiveCfg = Release|Any CPU
		{B9607BBF-9B8A-465C-A4D2-CE0F1423DD70}.Release|x86.Build.0 = Release|Any CPU
		{6C25F0CF-877C-4657-AF1E-A685DD0DBB6C}.Debug|Any CPU.ActiveCfg = Debug|Any CPU
		{6C25F0CF-877C-4657-AF1E-A685DD0DBB6C}.Debug|Any CPU.Build.0 = Debug|Any CPU
		{6C25F0CF-877C-4657-AF1E-A685DD0DBB6C}.Debug|x64.ActiveCfg = Debug|Any CPU
		{6C25F0CF-877C-4657-AF1E-A685DD0DBB6C}.Debug|x64.Build.0 = Debug|Any CPU
		{6C25F0CF-877C-4657-AF1E-A685DD0DBB6C}.Debug|x86.ActiveCfg = Debug|Any CPU
		{6C25F0CF-877C-4657-AF1E-A685DD0DBB6C}.Debug|x86.Build.0 = Debug|Any CPU
		{6C25F0CF-877C-4657-AF1E-A685DD0DBB6C}.Release|Any CPU.ActiveCfg = Release|Any CPU
		{6C25F0CF-877C-4657-AF1E-A685DD0DBB6C}.Release|Any CPU.Build.0 = Release|Any CPU
		{6C25F0CF-877C-4657-AF1E-A685DD0DBB6C}.Release|x64.ActiveCfg = Release|Any CPU
		{6C25F0CF-877C-4657-AF1E-A685DD0DBB6C}.Release|x64.Build.0 = Release|Any CPU
		{6C25F0CF-877C-4657-AF1E-A685DD0DBB6C}.Release|x86.ActiveCfg = Release|Any CPU
		{6C25F0CF-877C-4657-AF1E-A685DD0DBB6C}.Release|x86.Build.0 = Release|Any CPU
		{27F4360A-E0FA-4B2D-9D8A-E2F783723618}.Debug|Any CPU.ActiveCfg = Debug|Any CPU
		{27F4360A-E0FA-4B2D-9D8A-E2F783723618}.Debug|Any CPU.Build.0 = Debug|Any CPU
		{27F4360A-E0FA-4B2D-9D8A-E2F783723618}.Debug|x64.ActiveCfg = Debug|Any CPU
		{27F4360A-E0FA-4B2D-9D8A-E2F783723618}.Debug|x64.Build.0 = Debug|Any CPU
		{27F4360A-E0FA-4B2D-9D8A-E2F783723618}.Debug|x86.ActiveCfg = Debug|Any CPU
		{27F4360A-E0FA-4B2D-9D8A-E2F783723618}.Debug|x86.Build.0 = Debug|Any CPU
		{27F4360A-E0FA-4B2D-9D8A-E2F783723618}.Release|Any CPU.ActiveCfg = Release|Any CPU
		{27F4360A-E0FA-4B2D-9D8A-E2F783723618}.Release|Any CPU.Build.0 = Release|Any CPU
		{27F4360A-E0FA-4B2D-9D8A-E2F783723618}.Release|x64.ActiveCfg = Release|Any CPU
		{27F4360A-E0FA-4B2D-9D8A-E2F783723618}.Release|x64.Build.0 = Release|Any CPU
		{27F4360A-E0FA-4B2D-9D8A-E2F783723618}.Release|x86.ActiveCfg = Release|Any CPU
		{27F4360A-E0FA-4B2D-9D8A-E2F783723618}.Release|x86.Build.0 = Release|Any CPU
		{2DE2CB3E-57CD-4FC5-AFFF-79B0CA585E63}.Debug|Any CPU.ActiveCfg = Debug|Any CPU
		{2DE2CB3E-57CD-4FC5-AFFF-79B0CA585E63}.Debug|Any CPU.Build.0 = Debug|Any CPU
		{2DE2CB3E-57CD-4FC5-AFFF-79B0CA585E63}.Debug|x64.ActiveCfg = Debug|Any CPU
		{2DE2CB3E-57CD-4FC5-AFFF-79B0CA585E63}.Debug|x64.Build.0 = Debug|Any CPU
		{2DE2CB3E-57CD-4FC5-AFFF-79B0CA585E63}.Debug|x86.ActiveCfg = Debug|Any CPU
		{2DE2CB3E-57CD-4FC5-AFFF-79B0CA585E63}.Debug|x86.Build.0 = Debug|Any CPU
		{2DE2CB3E-57CD-4FC5-AFFF-79B0CA585E63}.Release|Any CPU.ActiveCfg = Release|Any CPU
		{2DE2CB3E-57CD-4FC5-AFFF-79B0CA585E63}.Release|Any CPU.Build.0 = Release|Any CPU
		{2DE2CB3E-57CD-4FC5-AFFF-79B0CA585E63}.Release|x64.ActiveCfg = Release|Any CPU
		{2DE2CB3E-57CD-4FC5-AFFF-79B0CA585E63}.Release|x64.Build.0 = Release|Any CPU
		{2DE2CB3E-57CD-4FC5-AFFF-79B0CA585E63}.Release|x86.ActiveCfg = Release|Any CPU
		{2DE2CB3E-57CD-4FC5-AFFF-79B0CA585E63}.Release|x86.Build.0 = Release|Any CPU
		{9EF788BA-31BF-42CB-B945-70D88A6EEF64}.Debug|Any CPU.ActiveCfg = Debug|Any CPU
		{9EF788BA-31BF-42CB-B945-70D88A6EEF64}.Debug|Any CPU.Build.0 = Debug|Any CPU
		{9EF788BA-31BF-42CB-B945-70D88A6EEF64}.Debug|x64.ActiveCfg = Debug|Any CPU
		{9EF788BA-31BF-42CB-B945-70D88A6EEF64}.Debug|x64.Build.0 = Debug|Any CPU
		{9EF788BA-31BF-42CB-B945-70D88A6EEF64}.Debug|x86.ActiveCfg = Debug|Any CPU
		{9EF788BA-31BF-42CB-B945-70D88A6EEF64}.Debug|x86.Build.0 = Debug|Any CPU
		{9EF788BA-31BF-42CB-B945-70D88A6EEF64}.Release|Any CPU.ActiveCfg = Release|Any CPU
		{9EF788BA-31BF-42CB-B945-70D88A6EEF64}.Release|Any CPU.Build.0 = Release|Any CPU
		{9EF788BA-31BF-42CB-B945-70D88A6EEF64}.Release|x64.ActiveCfg = Release|Any CPU
		{9EF788BA-31BF-42CB-B945-70D88A6EEF64}.Release|x64.Build.0 = Release|Any CPU
		{9EF788BA-31BF-42CB-B945-70D88A6EEF64}.Release|x86.ActiveCfg = Release|Any CPU
		{9EF788BA-31BF-42CB-B945-70D88A6EEF64}.Release|x86.Build.0 = Release|Any CPU
		{FDBA6F70-4E31-4669-BF90-EAFD714FBD27}.Debug|Any CPU.ActiveCfg = Debug|Any CPU
		{FDBA6F70-4E31-4669-BF90-EAFD714FBD27}.Debug|Any CPU.Build.0 = Debug|Any CPU
		{FDBA6F70-4E31-4669-BF90-EAFD714FBD27}.Debug|x64.ActiveCfg = Debug|Any CPU
		{FDBA6F70-4E31-4669-BF90-EAFD714FBD27}.Debug|x64.Build.0 = Debug|Any CPU
		{FDBA6F70-4E31-4669-BF90-EAFD714FBD27}.Debug|x86.ActiveCfg = Debug|Any CPU
		{FDBA6F70-4E31-4669-BF90-EAFD714FBD27}.Debug|x86.Build.0 = Debug|Any CPU
		{FDBA6F70-4E31-4669-BF90-EAFD714FBD27}.Release|Any CPU.ActiveCfg = Release|Any CPU
		{FDBA6F70-4E31-4669-BF90-EAFD714FBD27}.Release|Any CPU.Build.0 = Release|Any CPU
		{FDBA6F70-4E31-4669-BF90-EAFD714FBD27}.Release|x64.ActiveCfg = Release|Any CPU
		{FDBA6F70-4E31-4669-BF90-EAFD714FBD27}.Release|x64.Build.0 = Release|Any CPU
		{FDBA6F70-4E31-4669-BF90-EAFD714FBD27}.Release|x86.ActiveCfg = Release|Any CPU
		{FDBA6F70-4E31-4669-BF90-EAFD714FBD27}.Release|x86.Build.0 = Release|Any CPU
		{51263FC5-5F2B-4950-826C-B4DFBE586D60}.Debug|Any CPU.ActiveCfg = Debug|Any CPU
		{51263FC5-5F2B-4950-826C-B4DFBE586D60}.Debug|Any CPU.Build.0 = Debug|Any CPU
		{51263FC5-5F2B-4950-826C-B4DFBE586D60}.Debug|x64.ActiveCfg = Debug|Any CPU
		{51263FC5-5F2B-4950-826C-B4DFBE586D60}.Debug|x64.Build.0 = Debug|Any CPU
		{51263FC5-5F2B-4950-826C-B4DFBE586D60}.Debug|x86.ActiveCfg = Debug|Any CPU
		{51263FC5-5F2B-4950-826C-B4DFBE586D60}.Debug|x86.Build.0 = Debug|Any CPU
		{51263FC5-5F2B-4950-826C-B4DFBE586D60}.Release|Any CPU.ActiveCfg = Release|Any CPU
		{51263FC5-5F2B-4950-826C-B4DFBE586D60}.Release|Any CPU.Build.0 = Release|Any CPU
		{51263FC5-5F2B-4950-826C-B4DFBE586D60}.Release|x64.ActiveCfg = Release|Any CPU
		{51263FC5-5F2B-4950-826C-B4DFBE586D60}.Release|x64.Build.0 = Release|Any CPU
		{51263FC5-5F2B-4950-826C-B4DFBE586D60}.Release|x86.ActiveCfg = Release|Any CPU
		{51263FC5-5F2B-4950-826C-B4DFBE586D60}.Release|x86.Build.0 = Release|Any CPU
		{876CD52A-B94C-4376-8539-45F597DDF45D}.Debug|Any CPU.ActiveCfg = Debug|Any CPU
		{876CD52A-B94C-4376-8539-45F597DDF45D}.Debug|Any CPU.Build.0 = Debug|Any CPU
		{876CD52A-B94C-4376-8539-45F597DDF45D}.Debug|x64.ActiveCfg = Debug|Any CPU
		{876CD52A-B94C-4376-8539-45F597DDF45D}.Debug|x64.Build.0 = Debug|Any CPU
		{876CD52A-B94C-4376-8539-45F597DDF45D}.Debug|x86.ActiveCfg = Debug|Any CPU
		{876CD52A-B94C-4376-8539-45F597DDF45D}.Debug|x86.Build.0 = Debug|Any CPU
		{876CD52A-B94C-4376-8539-45F597DDF45D}.Release|Any CPU.ActiveCfg = Release|Any CPU
		{876CD52A-B94C-4376-8539-45F597DDF45D}.Release|Any CPU.Build.0 = Release|Any CPU
		{876CD52A-B94C-4376-8539-45F597DDF45D}.Release|x64.ActiveCfg = Release|Any CPU
		{876CD52A-B94C-4376-8539-45F597DDF45D}.Release|x64.Build.0 = Release|Any CPU
		{876CD52A-B94C-4376-8539-45F597DDF45D}.Release|x86.ActiveCfg = Release|Any CPU
		{876CD52A-B94C-4376-8539-45F597DDF45D}.Release|x86.Build.0 = Release|Any CPU
		{731F67D8-9A78-444D-9068-AF659CFCCEBD}.Debug|Any CPU.ActiveCfg = Debug|Any CPU
		{731F67D8-9A78-444D-9068-AF659CFCCEBD}.Debug|Any CPU.Build.0 = Debug|Any CPU
		{731F67D8-9A78-444D-9068-AF659CFCCEBD}.Debug|x64.ActiveCfg = Debug|Any CPU
		{731F67D8-9A78-444D-9068-AF659CFCCEBD}.Debug|x64.Build.0 = Debug|Any CPU
		{731F67D8-9A78-444D-9068-AF659CFCCEBD}.Debug|x86.ActiveCfg = Debug|Any CPU
		{731F67D8-9A78-444D-9068-AF659CFCCEBD}.Debug|x86.Build.0 = Debug|Any CPU
		{731F67D8-9A78-444D-9068-AF659CFCCEBD}.Release|Any CPU.ActiveCfg = Release|Any CPU
		{731F67D8-9A78-444D-9068-AF659CFCCEBD}.Release|Any CPU.Build.0 = Release|Any CPU
		{731F67D8-9A78-444D-9068-AF659CFCCEBD}.Release|x64.ActiveCfg = Release|Any CPU
		{731F67D8-9A78-444D-9068-AF659CFCCEBD}.Release|x64.Build.0 = Release|Any CPU
		{731F67D8-9A78-444D-9068-AF659CFCCEBD}.Release|x86.ActiveCfg = Release|Any CPU
		{731F67D8-9A78-444D-9068-AF659CFCCEBD}.Release|x86.Build.0 = Release|Any CPU
	EndGlobalSection
	GlobalSection(SolutionProperties) = preSolution
		HideSolutionNode = FALSE
	EndGlobalSection
	GlobalSection(ExtensibilityGlobals) = postSolution
		SolutionGuid = {25BDC684-B1B3-4CF3-9C42-A02F078A6FCE}
	EndGlobalSection
EndGlobal
